
Microsoft Visual Studio Solution File, Format Version 12.00
# Visual Studio 15
VisualStudioVersion = 15.0.26430.6
MinimumVisualStudioVersion = 10.0.40219.1
Project("{8BC9CEB8-8B4A-11D0-8D11-00A0C91BC942}") = "RoomController", "RoomController\RoomController.vcxproj", "{F3038CCB-C88B-42DE-9BEC-D116DCC19C87}"
EndProject
Project("{8BC9CEB8-8B4A-11D0-8D11-00A0C91BC942}") = "UnitTests", "UnitTests\UnitTests.vcxproj", "{D8A9D25F-485F-493E-AB2E-9ED16C22903A}"
	ProjectSection(ProjectDependencies) = postProject
		{F3038CCB-C88B-42DE-9BEC-D116DCC19C87} = {F3038CCB-C88B-42DE-9BEC-D116DCC19C87}
	EndProjectSection
EndProject
Project("{8BC9CEB8-8B4A-11D0-8D11-00A0C91BC942}") = "Workbench", "Workbench\Workbench.vcxproj", "{079790FD-97A0-428D-BF8D-83D24C1D6A56}"
	ProjectSection(ProjectDependencies) = postProject
		{F3038CCB-C88B-42DE-9BEC-D116DCC19C87} = {F3038CCB-C88B-42DE-9BEC-D116DCC19C87}
	EndProjectSection
EndProject
Project("{8BC9CEB8-8B4A-11D0-8D11-00A0C91BC942}") = "MotorController", "MotorController\MotorController.vcxproj", "{C5F80730-F44F-4478-BDAE-6634EFC2CA88}"
EndProject
Project("{2150E333-8FDC-42A3-9474-1A3956D46DE8}") = "Schematics", "Schematics", "{C4B63646-460B-408E-9099-55BFD1B329FF}"
	ProjectSection(SolutionItems) = preProject
		Schematics\NodeMcu.fzz = Schematics\NodeMcu.fzz
		Schematics\NodeMcu_bb.pdf = Schematics\NodeMcu_bb.pdf
		Schematics\NodeMcu_schem.pdf = Schematics\NodeMcu_schem.pdf
		Schematics\Raspberry.fzz = Schematics\Raspberry.fzz
		Schematics\Raspberry_bb.pdf = Schematics\Raspberry_bb.pdf
		Schematics\Raspberry_schem.pdf = Schematics\Raspberry_schem.pdf
	EndProjectSection
EndProject
Project("{2150E333-8FDC-42A3-9474-1A3956D46DE8}") = "Datasheets", "Datasheets", "{623D78D9-099C-4543-AAA5-2D113C05D634}"
	ProjectSection(SolutionItems) = preProject
		Datasheets\31227sc.pdf = Datasheets\31227sc.pdf
		Datasheets\designingveml7700.pdf = Datasheets\designingveml7700.pdf
		Datasheets\NodeMcu.png = Datasheets\NodeMcu.png
		Datasheets\tmp75.pdf = Datasheets\tmp75.pdf
		Datasheets\vishay_01272016_VEML7700-844532.pdf = Datasheets\vishay_01272016_VEML7700-844532.pdf
	EndProjectSection
EndProject
Global
	GlobalSection(SolutionConfigurationPlatforms) = preSolution
		Debug|ARM = Debug|ARM
		Debug|ESP8266 = Debug|ESP8266
		Debug|x64 = Debug|x64
		Debug|x86 = Debug|x86
		Release|ARM = Release|ARM
		Release|ESP8266 = Release|ESP8266
		Release|x64 = Release|x64
		Release|x86 = Release|x86
	EndGlobalSection
	GlobalSection(ProjectConfigurationPlatforms) = postSolution
		{F3038CCB-C88B-42DE-9BEC-D116DCC19C87}.Debug|ARM.ActiveCfg = Debug|ARM
		{F3038CCB-C88B-42DE-9BEC-D116DCC19C87}.Debug|ARM.Build.0 = Debug|ARM
		{F3038CCB-C88B-42DE-9BEC-D116DCC19C87}.Debug|ARM.Deploy.0 = Debug|ARM
		{F3038CCB-C88B-42DE-9BEC-D116DCC19C87}.Debug|ESP8266.ActiveCfg = Debug|Win32
		{F3038CCB-C88B-42DE-9BEC-D116DCC19C87}.Debug|x64.ActiveCfg = Debug|x64
		{F3038CCB-C88B-42DE-9BEC-D116DCC19C87}.Debug|x64.Build.0 = Debug|x64
		{F3038CCB-C88B-42DE-9BEC-D116DCC19C87}.Debug|x64.Deploy.0 = Debug|x64
		{F3038CCB-C88B-42DE-9BEC-D116DCC19C87}.Debug|x86.ActiveCfg = Debug|Win32
		{F3038CCB-C88B-42DE-9BEC-D116DCC19C87}.Debug|x86.Build.0 = Debug|Win32
		{F3038CCB-C88B-42DE-9BEC-D116DCC19C87}.Release|ARM.ActiveCfg = Release|ARM
		{F3038CCB-C88B-42DE-9BEC-D116DCC19C87}.Release|ARM.Build.0 = Release|ARM
		{F3038CCB-C88B-42DE-9BEC-D116DCC19C87}.Release|ARM.Deploy.0 = Release|ARM
		{F3038CCB-C88B-42DE-9BEC-D116DCC19C87}.Release|ESP8266.ActiveCfg = Release|Win32
		{F3038CCB-C88B-42DE-9BEC-D116DCC19C87}.Release|ESP8266.Build.0 = Release|Win32
		{F3038CCB-C88B-42DE-9BEC-D116DCC19C87}.Release|ESP8266.Deploy.0 = Release|Win32
		{F3038CCB-C88B-42DE-9BEC-D116DCC19C87}.Release|x64.ActiveCfg = Release|x64
		{F3038CCB-C88B-42DE-9BEC-D116DCC19C87}.Release|x64.Build.0 = Release|x64
		{F3038CCB-C88B-42DE-9BEC-D116DCC19C87}.Release|x64.Deploy.0 = Release|x64
		{F3038CCB-C88B-42DE-9BEC-D116DCC19C87}.Release|x86.ActiveCfg = Release|Win32
		{F3038CCB-C88B-42DE-9BEC-D116DCC19C87}.Release|x86.Build.0 = Release|Win32
		{F3038CCB-C88B-42DE-9BEC-D116DCC19C87}.Release|x86.Deploy.0 = Release|Win32
		{D8A9D25F-485F-493E-AB2E-9ED16C22903A}.Debug|ARM.ActiveCfg = Debug|Win32
		{D8A9D25F-485F-493E-AB2E-9ED16C22903A}.Debug|ESP8266.ActiveCfg = Debug|Win32
		{D8A9D25F-485F-493E-AB2E-9ED16C22903A}.Debug|x64.ActiveCfg = Debug|x64
		{D8A9D25F-485F-493E-AB2E-9ED16C22903A}.Debug|x64.Build.0 = Debug|x64
		{D8A9D25F-485F-493E-AB2E-9ED16C22903A}.Debug|x86.ActiveCfg = Debug|Win32
		{D8A9D25F-485F-493E-AB2E-9ED16C22903A}.Debug|x86.Build.0 = Debug|Win32
		{D8A9D25F-485F-493E-AB2E-9ED16C22903A}.Release|ARM.ActiveCfg = Release|Win32
		{D8A9D25F-485F-493E-AB2E-9ED16C22903A}.Release|ESP8266.ActiveCfg = Release|Win32
		{D8A9D25F-485F-493E-AB2E-9ED16C22903A}.Release|ESP8266.Build.0 = Release|Win32
		{D8A9D25F-485F-493E-AB2E-9ED16C22903A}.Release|x64.ActiveCfg = Release|x64
		{D8A9D25F-485F-493E-AB2E-9ED16C22903A}.Release|x64.Build.0 = Release|x64
		{D8A9D25F-485F-493E-AB2E-9ED16C22903A}.Release|x86.ActiveCfg = Release|Win32
		{D8A9D25F-485F-493E-AB2E-9ED16C22903A}.Release|x86.Build.0 = Release|Win32
		{079790FD-97A0-428D-BF8D-83D24C1D6A56}.Debug|ARM.ActiveCfg = Debug|Win32
		{079790FD-97A0-428D-BF8D-83D24C1D6A56}.Debug|ARM.Build.0 = Debug|Win32
		{079790FD-97A0-428D-BF8D-83D24C1D6A56}.Debug|ESP8266.ActiveCfg = Debug|Win32
		{079790FD-97A0-428D-BF8D-83D24C1D6A56}.Debug|x64.ActiveCfg = Debug|x64
		{079790FD-97A0-428D-BF8D-83D24C1D6A56}.Debug|x64.Build.0 = Debug|x64
		{079790FD-97A0-428D-BF8D-83D24C1D6A56}.Debug|x86.ActiveCfg = Debug|Win32
		{079790FD-97A0-428D-BF8D-83D24C1D6A56}.Debug|x86.Build.0 = Debug|Win32
		{079790FD-97A0-428D-BF8D-83D24C1D6A56}.Release|ARM.ActiveCfg = Release|Win32
		{079790FD-97A0-428D-BF8D-83D24C1D6A56}.Release|ESP8266.ActiveCfg = Release|Win32
		{079790FD-97A0-428D-BF8D-83D24C1D6A56}.Release|ESP8266.Build.0 = Release|Win32
		{079790FD-97A0-428D-BF8D-83D24C1D6A56}.Release|x64.ActiveCfg = Release|x64
		{079790FD-97A0-428D-BF8D-83D24C1D6A56}.Release|x64.Build.0 = Release|x64
		{079790FD-97A0-428D-BF8D-83D24C1D6A56}.Release|x86.ActiveCfg = Release|Win32
		{079790FD-97A0-428D-BF8D-83D24C1D6A56}.Release|x86.Build.0 = Release|Win32
		{C5F80730-F44F-4478-BDAE-6634EFC2CA88}.Debug|ARM.ActiveCfg = Debug|Win32
		{C5F80730-F44F-4478-BDAE-6634EFC2CA88}.Debug|ESP8266.ActiveCfg = Release|Win32
		{C5F80730-F44F-4478-BDAE-6634EFC2CA88}.Debug|ESP8266.Build.0 = Release|Win32
		{C5F80730-F44F-4478-BDAE-6634EFC2CA88}.Debug|x64.ActiveCfg = Debug|Win32
		{C5F80730-F44F-4478-BDAE-6634EFC2CA88}.Debug|x86.ActiveCfg = Debug|Win32
		{C5F80730-F44F-4478-BDAE-6634EFC2CA88}.Release|ARM.ActiveCfg = Release|Win32
		{C5F80730-F44F-4478-BDAE-6634EFC2CA88}.Release|ESP8266.ActiveCfg = Release|Win32
		{C5F80730-F44F-4478-BDAE-6634EFC2CA88}.Release|x64.ActiveCfg = Release|Win32
		{C5F80730-F44F-4478-BDAE-6634EFC2CA88}.Release|x86.ActiveCfg = Release|Win32
	EndGlobalSection
	GlobalSection(SolutionProperties) = preSolution
		HideSolutionNode = FALSE
	EndGlobalSection
EndGlobal
