<?xml version="1.0" encoding="utf-8"?>
<Project ToolsVersion="14.0" xmlns="http://schemas.microsoft.com/developer/msbuild/2003">
  <ItemGroup>
    <Filter Include="Common">
      <UniqueIdentifier>f3038ccb-c88b-42de-9bec-d116dcc19c87</UniqueIdentifier>
    </Filter>
    <Filter Include="Assets">
      <UniqueIdentifier>4947ac97-c447-421a-b681-e5ba8d8a5ea5</UniqueIdentifier>
      <Extensions>bmp;fbx;gif;jpg;jpeg;tga;tiff;tif;png</Extensions>
    </Filter>
    <Filter Include="Html">
      <UniqueIdentifier>{6676814f-8e95-4cd0-97ca-825e13d676be}</UniqueIdentifier>
      <Extensions>htm;html;css</Extensions>
    </Filter>
    <Filter Include="Html\img">
      <UniqueIdentifier>{72040bf4-fd5e-478c-a15a-094c5732d8c8}</UniqueIdentifier>
    </Filter>
  </ItemGroup>
  <ItemGroup>
    <ClCompile Include="pch.cpp" />
    <ClCompile Include="StartupTask.cpp" />
    <ClCompile Include="parser.cpp" />
    <ClCompile Include="ActivationFactory.cpp" />
    <ClCompile Include="http_server.cpp" />
    <ClCompile Include="rules_db.cpp" />
    <ClCompile Include="room_engine.cpp" />
  </ItemGroup>
  <ItemGroup>
    <ClInclude Include="pch.h" />
    <ClInclude Include="StartupTask.h" />
    <ClInclude Include="parser.h" />
    <ClInclude Include="value.h" />
    <ClInclude Include="sensor.h" />
    <ClInclude Include="ActivationFactory.h" />
    <ClInclude Include="http_server.h" />
    <ClInclude Include="rules_db.h" />
    <ClInclude Include="room_engine.h" />
  </ItemGroup>
  <ItemGroup>
    <AppxManifest Include="Package.appxmanifest" />
  </ItemGroup>
  <ItemGroup>
    <None Include="packages.config" />
    <None Include="html\edit_rule.html">
      <Filter>Html</Filter>
    </None>
    <None Include="html\room_status.html">
      <Filter>Html</Filter>
    </None>
    <None Include="status.json" />
  </ItemGroup>
  <ItemGroup>
    <Image Include="Assets\LockScreenLogo.scale-200.png">
      <Filter>Assets</Filter>
    </Image>
    <Image Include="Assets\SplashScreen.scale-200.png">
      <Filter>Assets</Filter>
    </Image>
    <Image Include="Assets\Square150x150Logo.scale-200.png">
      <Filter>Assets</Filter>
    </Image>
    <Image Include="Assets\Square44x44Logo.scale-200.png">
      <Filter>Assets</Filter>
    </Image>
    <Image Include="Assets\Square44x44Logo.targetsize-24_altform-unplated.png">
      <Filter>Assets</Filter>
    </Image>
    <Image Include="Assets\StoreLogo.png">
      <Filter>Assets</Filter>
    </Image>
    <Image Include="Assets\Wide310x150Logo.scale-200.png">
      <Filter>Assets</Filter>
    </Image>
    <Image Include="html\img\background.jpg">
      <Filter>Html\img</Filter>
    </Image>
    <Image Include="html\img\favicon.ico">
      <Filter>Html\img</Filter>
    </Image>
  </ItemGroup>
  <ItemGroup>
    <Midl Include="roomctrl.idl" />
  </ItemGroup>
</Project>