<?xml version="1.0" encoding="utf-8"?>
<Project ToolsVersion="14.0" xmlns="http://schemas.microsoft.com/developer/msbuild/2003">
  <ItemGroup>
    <Filter Include="Common">
      <UniqueIdentifier>f3038ccb-c88b-42de-9bec-d116dcc19c87</UniqueIdentifier>
    </Filter>
    <Filter Include="Assets">
      <UniqueIdentifier>4947ac97-c447-421a-b681-e5ba8d8a5ea5</UniqueIdentifier>
      <Extensions>bmp;fbx;gif;jpg;jpeg;tga;tiff;tif;png</Extensions>
    </Filter>
    <Filter Include="Html">
      <UniqueIdentifier>{6676814f-8e95-4cd0-97ca-825e13d676be}</UniqueIdentifier>
      <Extensions>htm;html;css</Extensions>
    </Filter>
    <Filter Include="Html\img">
      <UniqueIdentifier>{72040bf4-fd5e-478c-a15a-094c5732d8c8}</UniqueIdentifier>
    </Filter>
    <Filter Include="Source Files">
      <UniqueIdentifier>{e25b7008-38c1-4ae2-bb30-8455d1cd3470}</UniqueIdentifier>
      <Extensions>c;cpp;idl</Extensions>
    </Filter>
    <Filter Include="Header Files">
      <UniqueIdentifier>{66234756-4645-48e0-92f1-7a4874604a21}</UniqueIdentifier>
      <Extensions>h;hpp</Extensions>
    </Filter>
  </ItemGroup>
  <ItemGroup>
    <ClCompile Include="ActivationFactory.cpp">
      <Filter>Source Files</Filter>
    </ClCompile>
    <ClCompile Include="http_server.cpp">
      <Filter>Source Files</Filter>
    </ClCompile>
    <ClCompile Include="parser.cpp">
      <Filter>Source Files</Filter>
    </ClCompile>
    <ClCompile Include="pch.cpp">
      <Filter>Source Files</Filter>
    </ClCompile>
    <ClCompile Include="room_engine.cpp">
      <Filter>Source Files</Filter>
    </ClCompile>
    <ClCompile Include="rules_db.cpp">
      <Filter>Source Files</Filter>
    </ClCompile>
    <ClCompile Include="StartupTask.cpp">
      <Filter>Source Files</Filter>
    </ClCompile>
    <ClCompile Include="sensors.cpp">
      <Filter>Source Files</Filter>
    </ClCompile>
  </ItemGroup>
  <ItemGroup>
    <ClInclude Include="http_server.h">
      <Filter>Header Files</Filter>
    </ClInclude>
    <ClInclude Include="parser.h">
      <Filter>Header Files</Filter>
    </ClInclude>
    <ClInclude Include="pch.h">
      <Filter>Header Files</Filter>
    </ClInclude>
    <ClInclude Include="room_engine.h">
      <Filter>Header Files</Filter>
    </ClInclude>
    <ClInclude Include="rules_db.h">
      <Filter>Header Files</Filter>
    </ClInclude>
    <ClInclude Include="StartupTask.h">
      <Filter>Header Files</Filter>
    </ClInclude>
    <ClInclude Include="value.h">
      <Filter>Header Files</Filter>
    </ClInclude>
    <ClInclude Include="ActivationFactory.h">
      <Filter>Header Files</Filter>
    </ClInclude>
    <ClInclude Include="sensors.h">
      <Filter>Header Files</Filter>
    </ClInclude>
  </ItemGroup>
  <ItemGroup>
    <AppxManifest Include="Package.appxmanifest" />
  </ItemGroup>
  <ItemGroup>
    <None Include="html\edit_rule.html">
      <Filter>Html</Filter>
    </None>
    <None Include="html\room_status.html">
      <Filter>Html</Filter>
    </None>
    <None Include="status.json" />
    <None Include="packages.config" />
  </ItemGroup>
  <ItemGroup>
    <Image Include="Assets\LockScreenLogo.scale-200.png">
      <Filter>Assets</Filter>
    </Image>
    <Image Include="Assets\SplashScreen.scale-200.png">
      <Filter>Assets</Filter>
    </Image>
    <Image Include="Assets\Square150x150Logo.scale-200.png">
      <Filter>Assets</Filter>
    </Image>
    <Image Include="Assets\Square44x44Logo.scale-200.png">
      <Filter>Assets</Filter>
    </Image>
    <Image Include="Assets\Square44x44Logo.targetsize-24_altform-unplated.png">
      <Filter>Assets</Filter>
    </Image>
    <Image Include="Assets\StoreLogo.png">
      <Filter>Assets</Filter>
    </Image>
    <Image Include="Assets\Wide310x150Logo.scale-200.png">
      <Filter>Assets</Filter>
    </Image>
    <Image Include="html\img\background.jpg">
      <Filter>Html\img</Filter>
    </Image>
    <Image Include="html\img\favicon.ico">
      <Filter>Html\img</Filter>
    </Image>
  </ItemGroup>
  <ItemGroup>
    <Midl Include="roomctrl.idl">
      <Filter>Source Files</Filter>
    </Midl>
  </ItemGroup>
</Project>